
Microsoft Visual Studio Solution File, Format Version 12.00
# Visual Studio Version 17
VisualStudioVersion = 17.0.31903.59
MinimumVisualStudioVersion = 10.0.40219.1
Project("{9A19103F-16F7-4668-BE54-9A1E7A4F7556}") = "Reiseanwendung.Webapp", "Reiseanwendung.Webapp\Reiseanwendung.Webapp.csproj", "{3CFC0C03-C1DA-478A-AB6E-162A4C607C5F}"
EndProject
Project("{9A19103F-16F7-4668-BE54-9A1E7A4F7556}") = "Reiseanwendung.Application", "Reiseanwendung.Application\Reiseanwendung.Application.csproj", "{B09BDA51-3A68-4CFB-AC30-5EF5516434BA}"
EndProject
Project("{9A19103F-16F7-4668-BE54-9A1E7A4F7556}") = "Reiseanwendung.Test", "Reiseanwendung.Test\Reiseanwendung.Test.csproj", "{3C44CE85-1F99-4AF2-8F13-F3832E311CBD}"
EndProject
Global
	GlobalSection(SolutionConfigurationPlatforms) = preSolution
		Debug|Any CPU = Debug|Any CPU
		Release|Any CPU = Release|Any CPU
	EndGlobalSection
	GlobalSection(ProjectConfigurationPlatforms) = postSolution
		{3CFC0C03-C1DA-478A-AB6E-162A4C607C5F}.Debug|Any CPU.ActiveCfg = Debug|Any CPU
		{3CFC0C03-C1DA-478A-AB6E-162A4C607C5F}.Debug|Any CPU.Build.0 = Debug|Any CPU
		{3CFC0C03-C1DA-478A-AB6E-162A4C607C5F}.Release|Any CPU.ActiveCfg = Release|Any CPU
		{3CFC0C03-C1DA-478A-AB6E-162A4C607C5F}.Release|Any CPU.Build.0 = Release|Any CPU
		{B09BDA51-3A68-4CFB-AC30-5EF5516434BA}.Debug|Any CPU.ActiveCfg = Debug|Any CPU
		{B09BDA51-3A68-4CFB-AC30-5EF5516434BA}.Debug|Any CPU.Build.0 = Debug|Any CPU
		{B09BDA51-3A68-4CFB-AC30-5EF5516434BA}.Release|Any CPU.ActiveCfg = Release|Any CPU
		{B09BDA51-3A68-4CFB-AC30-5EF5516434BA}.Release|Any CPU.Build.0 = Release|Any CPU
		{3C44CE85-1F99-4AF2-8F13-F3832E311CBD}.Debug|Any CPU.ActiveCfg = Debug|Any CPU
		{3C44CE85-1F99-4AF2-8F13-F3832E311CBD}.Debug|Any CPU.Build.0 = Debug|Any CPU
		{3C44CE85-1F99-4AF2-8F13-F3832E311CBD}.Release|Any CPU.ActiveCfg = Release|Any CPU
		{3C44CE85-1F99-4AF2-8F13-F3832E311CBD}.Release|Any CPU.Build.0 = Release|Any CPU
	EndGlobalSection
	GlobalSection(SolutionProperties) = preSolution
		HideSolutionNode = FALSE
	EndGlobalSection
EndGlobal
